// !$*UTF8*$!
{
	archiveVersion = 1;
	classes = {
	};
	objectVersion = 77;
	objects = {

/* Begin PBXBuildFile section */
		F2C25AAE306FC79D00EF1455 /* WidgetKit.framework in Frameworks */ = {isa = PBXBuildFile; fileRef = F2C25AAD306FC79D00EF1455 /* WidgetKit.framework */; };
		F2C25AB0306FC79D00EF1455 /* SwiftUI.framework in Frameworks */ = {isa = PBXBuildFile; fileRef = F2C25AAF306FC79D00EF1455 /* SwiftUI.framework */; };
		F2C25ABB306FC79D00EF1455 /* SlipSenseWidgetExtension.appex in Embed Foundation Extensions */ = {isa = PBXBuildFile; fileRef = F2C25AAB306FC79D00EF1455 /* SlipSenseWidgetExtension.appex */; settings = {ATTRIBUTES = (RemoveHeadersOnCopy, ); }; };
/* End PBXBuildFile section */

/* Begin PBXContainerItemProxy section */
		F2887FB42F9DD4C8000FF09F /* PBXContainerItemProxy */ = {
			isa = PBXContainerItemProxy;
			containerPortal = F28393542F798A1100ABA3D8 /* Project object */;
			proxyType = 1;
			remoteGlobalIDString = F283935B2F798A1100ABA3D8;
			remoteInfo = SlipSense;
		};
		F2C25AB9306FC79D00EF1455 /* PBXContainerItemProxy */ = {
			isa = PBXContainerItemProxy;
			containerPortal = F28393542F798A1100ABA3D8 /* Project object */;
			proxyType = 1;
			remoteGlobalIDString = F2C25AAA306FC79D00EF1455;
			remoteInfo = SlipSenseWidgetExtension;
		};
/* End PBXContainerItemProxy section */

/* Begin PBXCopyFilesBuildPhase section */
		F2C25AC0306FC79D00EF1455 /* Embed Foundation Extensions */ = {
			isa = PBXCopyFilesBuildPhase;
			buildActionMask = 2147483647;
			dstPath = "";
			dstSubfolderSpec = 13;
			files = (
				F2C25ABB306FC79D00EF1455 /* SlipSenseWidgetExtension.appex in Embed Foundation Extensions */,
			);
			name = "Embed Foundation Extensions";
			runOnlyForDeploymentPostprocessing = 0;
		};
/* End PBXCopyFilesBuildPhase section */

/* Begin PBXFileReference section */
		F283935C2F798A1100ABA3D8 /* SlipSense.app */ = {isa = PBXFileReference; explicitFileType = wrapper.application; includeInIndex = 0; path = SlipSense.app; sourceTree = BUILT_PRODUCTS_DIR; };
		F2887FB02F9DD4C8000FF09F /* SlipSenseTests.xctest */ = {isa = PBXFileReference; explicitFileType = wrapper.cfbundle; includeInIndex = 0; path = SlipSenseTests.xctest; sourceTree = BUILT_PRODUCTS_DIR; };
		F2C25AAB306FC79D00EF1455 /* SlipSenseWidgetExtension.appex */ = {isa = PBXFileReference; explicitFileType = "wrapper.app-extension"; includeInIndex = 0; path = SlipSenseWidgetExtension.appex; sourceTree = BUILT_PRODUCTS_DIR; };
		F2C25AAD306FC79D00EF1455 /* WidgetKit.framework */ = {isa = PBXFileReference; lastKnownFileType = wrapper.framework; name = WidgetKit.framework; path = System/Library/Frameworks/WidgetKit.framework; sourceTree = SDKROOT; };
		F2C25AAF306FC79D00EF1455 /* SwiftUI.framework */ = {isa = PBXFileReference; lastKnownFileType = wrapper.framework; name = SwiftUI.framework; path = System/Library/Frameworks/SwiftUI.framework; sourceTree = SDKROOT; };
		F2C25AC1306FC7A400EF1455 /* SlipSenseWidgetExtension.entitlements */ = {isa = PBXFileReference; lastKnownFileType = text.plist.entitlements; path = SlipSenseWidgetExtension.entitlements; sourceTree = "<group>"; };
/* End PBXFileReference section */

/* Begin PBXFileSystemSynchronizedBuildFileExceptionSet section */
		F2C25AA5306FBE5B00EF1455 /* Exceptions for "SlipSense" folder in "SlipSense" target */ = {
			isa = PBXFileSystemSynchronizedBuildFileExceptionSet;
			membershipExceptions = (
				Info.plist,
			);
			target = F283935B2F798A1100ABA3D8 /* SlipSense */;
		};
		F2C25ABF306FC79D00EF1455 /* Exceptions for "SlipSenseWidget" folder in "SlipSenseWidgetExtension" target */ = {
			isa = PBXFileSystemSynchronizedBuildFileExceptionSet;
			membershipExceptions = (
				Info.plist,
			);
			target = F2C25AAA306FC79D00EF1455 /* SlipSenseWidgetExtension */;
		};
/* End PBXFileSystemSynchronizedBuildFileExceptionSet section */

/* Begin PBXFileSystemSynchronizedRootGroup section */
		F283935E2F798A1100ABA3D8 /* SlipSense */ = {
			isa = PBXFileSystemSynchronizedRootGroup;
			exceptions = (
				F2C25AA5306FBE5B00EF1455 /* Exceptions for "SlipSense" folder in "SlipSense" target */,
			);
			path = SlipSense;
			sourceTree = "<group>";
		};
		F2887FB12F9DD4C8000FF09F /* SlipSenseTests */ = {
			isa = PBXFileSystemSynchronizedRootGroup;
			path = SlipSenseTests;
			sourceTree = "<group>";
		};
		F2C25AB1306FC79D00EF1455 /* SlipSenseWidget */ = {
			isa = PBXFileSystemSynchronizedRootGroup;
			exceptions = (
				F2C25ABF306FC79D00EF1455 /* Exceptions for "SlipSenseWidget" folder in "SlipSenseWidgetExtension" target */,
			);
			path = SlipSenseWidget;
			sourceTree = "<group>";
		};
/* End PBXFileSystemSynchronizedRootGroup section */

/* Begin PBXFrameworksBuildPhase section */
		F28393592F798A1100ABA3D8 /* Frameworks */ = {
			isa = PBXFrameworksBuildPhase;
			buildActionMask = 2147483647;
			files = (
			);
			runOnlyForDeploymentPostprocessing = 0;
		};
		F2887FAD2F9DD4C8000FF09F /* Frameworks */ = {
			isa = PBXFrameworksBuildPhase;
			buildActionMask = 2147483647;
			files = (
			);
			runOnlyForDeploymentPostprocessing = 0;
		};
		F2C25AA8306FC79D00EF1455 /* Frameworks */ = {
			isa = PBXFrameworksBuildPhase;
			buildActionMask = 2147483647;
			files = (
				F2C25AB0306FC79D00EF1455 /* SwiftUI.framework in Frameworks */,
				F2C25AAE306FC79D00EF1455 /* WidgetKit.framework in Frameworks */,
			);
			runOnlyForDeploymentPostprocessing = 0;
		};
/* End PBXFrameworksBuildPhase section */

/* Begin PBXGroup section */
		F28393532F798A1100ABA3D8 = {
			isa = PBXGroup;
			children = (
				F2C25AC1306FC7A400EF1455 /* SlipSenseWidgetExtension.entitlements */,
				F283935E2F798A1100ABA3D8 /* SlipSense */,
				F2887FB12F9DD4C8000FF09F /* SlipSenseTests */,
				F2C25AB1306FC79D00EF1455 /* SlipSenseWidget */,
				F2C25AAC306FC79D00EF1455 /* Frameworks */,
				F283935D2F798A1100ABA3D8 /* Products */,
			);
			sourceTree = "<group>";
		};
		F283935D2F798A1100ABA3D8 /* Products */ = {
			isa = PBXGroup;
			children = (
				F283935C2F798A1100ABA3D8 /* SlipSense.app */,
				F2887FB02F9DD4C8000FF09F /* SlipSenseTests.xctest */,
				F2C25AAB306FC79D00EF1455 /* SlipSenseWidgetExtension.appex */,
			);
			name = Products;
			sourceTree = "<group>";
		};
		F2C25AAC306FC79D00EF1455 /* Frameworks */ = {
			isa = PBXGroup;
			children = (
				F2C25AAD306FC79D00EF1455 /* WidgetKit.framework */,
				F2C25AAF306FC79D00EF1455 /* SwiftUI.framework */,
			);
			name = Frameworks;
			sourceTree = "<group>";
		};
/* End PBXGroup section */

/* Begin PBXNativeTarget section */
		F283935B2F798A1100ABA3D8 /* SlipSense */ = {
			isa = PBXNativeTarget;
			buildConfigurationList = F28393672F798A1100ABA3D8 /* Build configuration list for PBXNativeTarget "SlipSense" */;
			buildPhases = (
				F28393582F798A1100ABA3D8 /* Sources */,
				F28393592F798A1100ABA3D8 /* Frameworks */,
				F283935A2F798A1100ABA3D8 /* Resources */,
				F2C25AC0306FC79D00EF1455 /* Embed Foundation Extensions */,
			);
			buildRules = (
			);
			dependencies = (
				F2C25ABA306FC79D00EF1455 /* PBXTargetDependency */,
			);
			fileSystemSynchronizedGroups = (
				F283935E2F798A1100ABA3D8 /* SlipSense */,
			);
			name = SlipSense;
			packageProductDependencies = (
			);
			productName = SlipSense;
			productReference = F283935C2F798A1100ABA3D8 /* SlipSense.app */;
			productType = "com.apple.product-type.application";
		};
		F2887FAF2F9DD4C8000FF09F /* SlipSenseTests */ = {
			isa = PBXNativeTarget;
			buildConfigurationList = F2887FB82F9DD4C8000FF09F /* Build configuration list for PBXNativeTarget "SlipSenseTests" */;
			buildPhases = (
				F2887FAC2F9DD4C8000FF09F /* Sources */,
				F2887FAD2F9DD4C8000FF09F /* Frameworks */,
				F2887FAE2F9DD4C8000FF09F /* Resources */,
			);
			buildRules = (
			);
			dependencies = (
				F2887FB52F9DD4C8000FF09F /* PBXTargetDependency */,
			);
			fileSystemSynchronizedGroups = (
				F2887FB12F9DD4C8000FF09F /* SlipSenseTests */,
			);
			name = SlipSenseTests;
			packageProductDependencies = (
			);
			productName = SlipSenseTests;
			productReference = F2887FB02F9DD4C8000FF09F /* SlipSenseTests.xctest */;
			productType = "com.apple.product-type.bundle.unit-test";
		};
		F2C25AAA306FC79D00EF1455 /* SlipSenseWidgetExtension */ = {
			isa = PBXNativeTarget;
			buildConfigurationList = F2C25ABC306FC79D00EF1455 /* Build configuration list for PBXNativeTarget "SlipSenseWidgetExtension" */;
			buildPhases = (
				F2C25AA7306FC79D00EF1455 /* Sources */,
				F2C25AA8306FC79D00EF1455 /* Frameworks */,
				F2C25AA9306FC79D00EF1455 /* Resources */,
			);
			buildRules = (
			);
			dependencies = (
			);
			fileSystemSynchronizedGroups = (
				F2C25AB1306FC79D00EF1455 /* SlipSenseWidget */,
			);
			name = SlipSenseWidgetExtension;
			packageProductDependencies = (
			);
			productName = SlipSenseWidgetExtension;
			productReference = F2C25AAB306FC79D00EF1455 /* SlipSenseWidgetExtension.appex */;
			productType = "com.apple.product-type.app-extension";
		};
/* End PBXNativeTarget section */

/* Begin PBXProject section */
		F28393542F798A1100ABA3D8 /* Project object */ = {
			isa = PBXProject;
			attributes = {
				BuildIndependentTargetsInParallel = 1;
				LastSwiftUpdateCheck = 2700;
				LastUpgradeCheck = 2700;
				TargetAttributes = {
					F283935B2F798A1100ABA3D8 = {
						CreatedOnToolsVersion = 26.3;
					};
					F2887FAF2F9DD4C8000FF09F = {
						CreatedOnToolsVersion = 26.4.1;
						TestTargetID = F283935B2F798A1100ABA3D8;
					};
					F2C25AAA306FC79D00EF1455 = {
						CreatedOnToolsVersion = 27.0;
					};
				};
			};
			buildConfigurationList = F28393572F798A1100ABA3D8 /* Build configuration list for PBXProject "SlipSense" */;
			developmentRegion = en;
			hasScannedForEncodings = 0;
			knownRegions = (
				en,
				Base,
				th,
			);
			mainGroup = F28393532F798A1100ABA3D8;
			minimizedProjectReferenceProxies = 1;
			preferredProjectObjectVersion = 77;
			productRefGroup = F283935D2F798A1100ABA3D8 /* Products */;
			projectDirPath = "";
			projectRoot = "";
			targets = (
				F283935B2F798A1100ABA3D8 /* SlipSense */,
				F2887FAF2F9DD4C8000FF09F /* SlipSenseTests */,
				F2C25AAA306FC79D00EF1455 /* SlipSenseWidgetExtension */,
			);
		};
/* End PBXProject section */

/* Begin PBXResourcesBuildPhase section */
		F283935A2F798A1100ABA3D8 /* Resources */ = {
			isa = PBXResourcesBuildPhase;
			buildActionMask = 2147483647;
			files = (
			);
			runOnlyForDeploymentPostprocessing = 0;
		};
		F2887FAE2F9DD4C8000FF09F /* Resources */ = {
			isa = PBXResourcesBuildPhase;
			buildActionMask = 2147483647;
			files = (
			);
			runOnlyForDeploymentPostprocessing = 0;
		};
		F2C25AA9306FC79D00EF1455 /* Resources */ = {
			isa = PBXResourcesBuildPhase;
			buildActionMask = 2147483647;
			files = (
			);
			runOnlyForDeploymentPostprocessing = 0;
		};
/* End PBXResourcesBuildPhase section */

/* Begin PBXSourcesBuildPhase section */
		F28393582F798A1100ABA3D8 /* Sources */ = {
			isa = PBXSourcesBuildPhase;
			buildActionMask = 2147483647;
			files = (
			);
			runOnlyForDeploymentPostprocessing = 0;
		};
		F2887FAC2F9DD4C8000FF09F /* Sources */ = {
			isa = PBXSourcesBuildPhase;
			buildActionMask = 2147483647;
			files = (
			);
			runOnlyForDeploymentPostprocessing = 0;
		};
		F2C25AA7306FC79D00EF1455 /* Sources */ = {
			isa = PBXSourcesBuildPhase;
			buildActionMask = 2147483647;
			files = (
			);
			runOnlyForDeploymentPostprocessing = 0;
		};
/* End PBXSourcesBuildPhase section */

/* Begin PBXTargetDependency section */
		F2887FB52F9DD4C8000FF09F /* PBXTargetDependency */ = {
			isa = PBXTargetDependency;
			target = F283935B2F798A1100ABA3D8 /* SlipSense */;
			targetProxy = F2887FB42F9DD4C8000FF09F /* PBXContainerItemProxy */;
		};
		F2C25ABA306FC79D00EF1455 /* PBXTargetDependency */ = {
			isa = PBXTargetDependency;
			target = F2C25AAA306FC79D00EF1455 /* SlipSenseWidgetExtension */;
			targetProxy = F2C25AB9306FC79D00EF1455 /* PBXContainerItemProxy */;
		};
/* End PBXTargetDependency section */

/* Begin XCBuildConfiguration section */
		F28393652F798A1100ABA3D8 /* Debug */ = {
			isa = XCBuildConfiguration;
			buildSettings = {
				ALWAYS_SEARCH_USER_PATHS = NO;
				ASSETCATALOG_COMPILER_GENERATE_SWIFT_ASSET_SYMBOL_EXTENSIONS = YES;
				CLANG_ANALYZER_LOCALIZABILITY_NONLOCALIZED = YES;
				CLANG_ANALYZER_NONNULL = YES;
				CLANG_ANALYZER_NUMBER_OBJECT_CONVERSION = YES_AGGRESSIVE;
				CLANG_CXX_LANGUAGE_STANDARD = "gnu++20";
				CLANG_ENABLE_MODULES = YES;
				CLANG_ENABLE_OBJC_ARC = YES;
				CLANG_ENABLE_OBJC_WEAK = YES;
				CLANG_WARN_BLOCK_CAPTURE_AUTORELEASING = YES;
				CLANG_WARN_BOOL_CONVERSION = YES;
				CLANG_WARN_COMMA = YES;
				CLANG_WARN_CONSTANT_CONVERSION = YES;
				CLANG_WARN_DEPRECATED_OBJC_IMPLEMENTATIONS = YES;
				CLANG_WARN_DIRECT_OBJC_ISA_USAGE = YES_ERROR;
				CLANG_WARN_DOCUMENTATION_COMMENTS = YES;
				CLANG_WARN_EMPTY_BODY = YES;
				CLANG_WARN_ENUM_CONVERSION = YES;
				CLANG_WARN_INFINITE_RECURSION = YES;
				CLANG_WARN_INT_CONVERSION = YES;
				CLANG_WARN_NON_LITERAL_NULL_CONVERSION = YES;
				CLANG_WARN_OBJC_IMPLICIT_RETAIN_SELF = YES;
				CLANG_WARN_OBJC_LITERAL_CONVERSION = YES;
				CLANG_WARN_OBJC_ROOT_CLASS = YES_ERROR;
				CLANG_WARN_QUOTED_INCLUDE_IN_FRAMEWORK_HEADER = YES;
				CLANG_WARN_RANGE_LOOP_ANALYSIS = YES;
				CLANG_WARN_STRICT_PROTOTYPES = YES;
				CLANG_WARN_SUSPICIOUS_MOVE = YES;
				CLANG_WARN_UNGUARDED_AVAILABILITY = YES_AGGRESSIVE;
				CLANG_WARN_UNREACHABLE_CODE = YES;
				CLANG_WARN__DUPLICATE_METHOD_MATCH = YES;
				COPY_PHASE_STRIP = NO;
				DEBUG_INFORMATION_FORMAT = dwarf;
				DEVELOPMENT_TEAM = HJ24GQ285H;
				ENABLE_STRICT_OBJC_MSGSEND = YES;
				ENABLE_TESTABILITY = YES;
				ENABLE_USER_SCRIPT_SANDBOXING = YES;
				GCC_C_LANGUAGE_STANDARD = gnu17;
				GCC_DYNAMIC_NO_PIC = NO;
				GCC_NO_COMMON_BLOCKS = YES;
				GCC_OPTIMIZATION_LEVEL = 0;
				GCC_PREPROCESSOR_DEFINITIONS = (
					"DEBUG=1",
					"$(inherited)",
				);
				GCC_WARN_64_TO_32_BIT_CONVERSION = YES;
				GCC_WARN_ABOUT_RETURN_TYPE = YES_ERROR;
				GCC_WARN_UNDECLARED_SELECTOR = YES;
				GCC_WARN_UNINITIALIZED_AUTOS = YES_AGGRESSIVE;
				GCC_WARN_UNUSED_FUNCTION = YES;
				GCC_WARN_UNUSED_VARIABLE = YES;
				IPHONEOS_DEPLOYMENT_TARGET = 26.2;
				LOCALIZATION_PREFERS_STRING_CATALOGS = YES;
				MTL_ENABLE_DEBUG_INFO = INCLUDE_SOURCE;
				MTL_FAST_MATH = YES;
				ONLY_ACTIVE_ARCH = YES;
				SDKROOT = iphoneos;
				STRING_CATALOG_GENERATE_SYMBOLS = YES;
				SWIFT_ACTIVE_COMPILATION_CONDITIONS = "DEBUG $(inherited)";
				SWIFT_EMIT_LOC_STRINGS = YES;
				SWIFT_OPTIMIZATION_LEVEL = "-Onone";
			};
			name = Debug;
		};
		F28393662F798A1100ABA3D8 /* Release */ = {
			isa = XCBuildConfiguration;
			buildSettings = {
				ALWAYS_SEARCH_USER_PATHS = NO;
				ASSETCATALOG_COMPILER_GENERATE_SWIFT_ASSET_SYMBOL_EXTENSIONS = YES;
				CLANG_ANALYZER_LOCALIZABILITY_NONLOCALIZED = YES;
				CLANG_ANALYZER_NONNULL = YES;
				CLANG_ANALYZER_NUMBER_OBJECT_CONVERSION = YES_AGGRESSIVE;
				CLANG_CXX_LANGUAGE_STANDARD = "gnu++20";
				CLANG_ENABLE_MODULES = YES;
				CLANG_ENABLE_OBJC_ARC = YES;
				CLANG_ENABLE_OBJC_WEAK = YES;
				CLANG_WARN_BLOCK_CAPTURE_AUTORELEASING = YES;
				CLANG_WARN_BOOL_CONVERSION = YES;
				CLANG_WARN_COMMA = YES;
				CLANG_WARN_CONSTANT_CONVERSION = YES;
				CLANG_WARN_DEPRECATED_OBJC_IMPLEMENTATIONS = YES;
				CLANG_WARN_DIRECT_OBJC_ISA_USAGE = YES_ERROR;
				CLANG_WARN_DOCUMENTATION_COMMENTS = YES;
				CLANG_WARN_EMPTY_BODY = YES;
				CLANG_WARN_ENUM_CONVERSION = YES;
				CLANG_WARN_INFINITE_RECURSION = YES;
				CLANG_WARN_INT_CONVERSION = YES;
				CLANG_WARN_NON_LITERAL_NULL_CONVERSION = YES;
				CLANG_WARN_OBJC_IMPLICIT_RETAIN_SELF = YES;
				CLANG_WARN_OBJC_LITERAL_CONVERSION = YES;
				CLANG_WARN_OBJC_ROOT_CLASS = YES_ERROR;
				CLANG_WARN_QUOTED_INCLUDE_IN_FRAMEWORK_HEADER = YES;
				CLANG_WARN_RANGE_LOOP_ANALYSIS = YES;
				CLANG_WARN_STRICT_PROTOTYPES = YES;
				CLANG_WARN_SUSPICIOUS_MOVE = YES;
				CLANG_WARN_UNGUARDED_AVAILABILITY = YES_AGGRESSIVE;
				CLANG_WARN_UNREACHABLE_CODE = YES;
				CLANG_WARN__DUPLICATE_METHOD_MATCH = YES;
				COPY_PHASE_STRIP = NO;
				DEBUG_INFORMATION_FORMAT = "dwarf-with-dsym";
				DEVELOPMENT_TEAM = HJ24GQ285H;
				ENABLE_NS_ASSERTIONS = NO;
				ENABLE_STRICT_OBJC_MSGSEND = YES;
				ENABLE_USER_SCRIPT_SANDBOXING = YES;
				GCC_C_LANGUAGE_STANDARD = gnu17;
				GCC_NO_COMMON_BLOCKS = YES;
				GCC_WARN_64_TO_32_BIT_CONVERSION = YES;
				GCC_WARN_ABOUT_RETURN_TYPE = YES_ERROR;
				GCC_WARN_UNDECLARED_SELECTOR = YES;
				GCC_WARN_UNINITIALIZED_AUTOS = YES_AGGRESSIVE;
				GCC_WARN_UNUSED_FUNCTION = YES;
				GCC_WARN_UNUSED_VARIABLE = YES;
				IPHONEOS_DEPLOYMENT_TARGET = 26.2;
				LOCALIZATION_PREFERS_STRING_CATALOGS = YES;
				MTL_ENABLE_DEBUG_INFO = NO;
				MTL_FAST_MATH = YES;
				SDKROOT = iphoneos;
				STRING_CATALOG_GENERATE_SYMBOLS = YES;
				SWIFT_COMPILATION_MODE = wholemodule;
				SWIFT_EMIT_LOC_STRINGS = YES;
				VALIDATE_PRODUCT = YES;
			};
			name = Release;
		};
		F28393682F798A1100ABA3D8 /* Debug */ = {
			isa = XCBuildConfiguration;
			buildSettings = {
				ASSETCATALOG_COMPILER_APPICON_NAME = AppIcon;
				ASSETCATALOG_COMPILER_GLOBAL_ACCENT_COLOR_NAME = AccentColor;
				CODE_SIGN_ENTITLEMENTS = SlipSense/SlipSense.entitlements;
				CODE_SIGN_STYLE = Automatic;
				CURRENT_PROJECT_VERSION = 15;
				DEVELOPMENT_TEAM = HJ24GQ285H;
				ENABLE_PREVIEWS = YES;
				GENERATE_INFOPLIST_FILE = YES;
				INFOPLIST_FILE = SlipSense/Info.plist;
				INFOPLIST_KEY_NSPhotoLibraryUsageDescription = "แอปต้องการเข้าถึงอัลบั้มรูปภาพ เพื่อค้นหาและจัดการสลิปโอนเงินของคุณ";
				INFOPLIST_KEY_UIApplicationSceneManifest_Generation = YES;
				INFOPLIST_KEY_UIApplicationSupportsIndirectInputEvents = YES;
				INFOPLIST_KEY_UILaunchScreen_Generation = YES;
				INFOPLIST_KEY_UISupportedInterfaceOrientations_iPad = "UIInterfaceOrientationPortrait UIInterfaceOrientationPortraitUpsideDown UIInterfaceOrientationLandscapeLeft UIInterfaceOrientationLandscapeRight";
				INFOPLIST_KEY_UISupportedInterfaceOrientations_iPhone = "UIInterfaceOrientationPortrait UIInterfaceOrientationLandscapeLeft UIInterfaceOrientationLandscapeRight";
				IPHONEOS_DEPLOYMENT_TARGET = 17.4.1;
				LD_RUNPATH_SEARCH_PATHS = (
					"$(inherited)",
					"@executable_path/Frameworks",
				);
				MARKETING_VERSION = 1.1.0;
				PRODUCT_BUNDLE_IDENTIFIER = com.markcnw.SlipSense;
				PRODUCT_NAME = "$(TARGET_NAME)";
				REGISTER_APP_GROUPS = YES;
				STRING_CATALOG_GENERATE_SYMBOLS = YES;
				SUPPORTED_PLATFORMS = "iphoneos iphonesimulator";
				SUPPORTS_MACCATALYST = NO;
				SUPPORTS_MAC_DESIGNED_FOR_IPHONE_IPAD = NO;
				SUPPORTS_XR_DESIGNED_FOR_IPHONE_IPAD = NO;
				SWIFT_APPROACHABLE_CONCURRENCY = YES;
				SWIFT_DEFAULT_ACTOR_ISOLATION = MainActor;
				SWIFT_EMIT_LOC_STRINGS = YES;
				SWIFT_UPCOMING_FEATURE_MEMBER_IMPORT_VISIBILITY = YES;
				SWIFT_VERSION = 5.0;
				TARGETED_DEVICE_FAMILY = 1;
			};
			name = Debug;
		};
		F28393692F798A1100ABA3D8 /* Release */ = {
			isa = XCBuildConfiguration;
			buildSettings = {
				ASSETCATALOG_COMPILER_APPICON_NAME = AppIcon;
				ASSETCATALOG_COMPILER_GLOBAL_ACCENT_COLOR_NAME = AccentColor;
				CODE_SIGN_ENTITLEMENTS = SlipSense/SlipSense.entitlements;
				CODE_SIGN_STYLE = Automatic;
				CURRENT_PROJECT_VERSION = 15;
				DEVELOPMENT_TEAM = HJ24GQ285H;
				ENABLE_PREVIEWS = YES;
				GENERATE_INFOPLIST_FILE = YES;
				INFOPLIST_FILE = SlipSense/Info.plist;
				INFOPLIST_KEY_NSPhotoLibraryUsageDescription = "แอปต้องการเข้าถึงอัลบั้มรูปภาพ เพื่อค้นหาและจัดการสลิปโอนเงินของคุณ";
				INFOPLIST_KEY_UIApplicationSceneManifest_Generation = YES;
				INFOPLIST_KEY_UIApplicationSupportsIndirectInputEvents = YES;
				INFOPLIST_KEY_UILaunchScreen_Generation = YES;
				INFOPLIST_KEY_UISupportedInterfaceOrientations_iPad = "UIInterfaceOrientationPortrait UIInterfaceOrientationPortraitUpsideDown UIInterfaceOrientationLandscapeLeft UIInterfaceOrientationLandscapeRight";
				INFOPLIST_KEY_UISupportedInterfaceOrientations_iPhone = "UIInterfaceOrientationPortrait UIInterfaceOrientationLandscapeLeft UIInterfaceOrientationLandscapeRight";
				IPHONEOS_DEPLOYMENT_TARGET = 17.4.1;
				LD_RUNPATH_SEARCH_PATHS = (
					"$(inherited)",
					"@executable_path/Frameworks",
				);
				MARKETING_VERSION = 1.1.0;
				PRODUCT_BUNDLE_IDENTIFIER = com.markcnw.SlipSense;
				PRODUCT_NAME = "$(TARGET_NAME)";
				REGISTER_APP_GROUPS = YES;
				STRING_CATALOG_GENERATE_SYMBOLS = YES;
				SUPPORTED_PLATFORMS = "iphoneos iphonesimulator";
				SUPPORTS_MACCATALYST = NO;
				SUPPORTS_MAC_DESIGNED_FOR_IPHONE_IPAD = NO;
				SUPPORTS_XR_DESIGNED_FOR_IPHONE_IPAD = NO;
				SWIFT_APPROACHABLE_CONCURRENCY = YES;
				SWIFT_DEFAULT_ACTOR_ISOLATION = MainActor;
				SWIFT_EMIT_LOC_STRINGS = YES;
				SWIFT_UPCOMING_FEATURE_MEMBER_IMPORT_VISIBILITY = YES;
				SWIFT_VERSION = 5.0;
				TARGETED_DEVICE_FAMILY = 1;
			};
			name = Release;
		};
		F2887FB62F9DD4C8000FF09F /* Debug */ = {
			isa = XCBuildConfiguration;
			buildSettings = {
				BUNDLE_LOADER = "$(TEST_HOST)";
				CODE_SIGN_STYLE = Automatic;
				CURRENT_PROJECT_VERSION = 1;
				GENERATE_INFOPLIST_FILE = YES;
				IPHONEOS_DEPLOYMENT_TARGET = 26.4;
				MARKETING_VERSION = 1.0;
				PRODUCT_BUNDLE_IDENTIFIER = com.markcnw.SlipSenseTests;
				PRODUCT_NAME = "$(TARGET_NAME)";
				STRING_CATALOG_GENERATE_SYMBOLS = NO;
				SWIFT_APPROACHABLE_CONCURRENCY = YES;
				SWIFT_EMIT_LOC_STRINGS = NO;
				SWIFT_UPCOMING_FEATURE_MEMBER_IMPORT_VISIBILITY = YES;
				SWIFT_VERSION = 5.0;
				TARGETED_DEVICE_FAMILY = "1,2";
				TEST_HOST = "$(BUILT_PRODUCTS_DIR)/SlipSense.app/$(BUNDLE_EXECUTABLE_FOLDER_PATH)/SlipSense";
			};
			name = Debug;
		};
		F2887FB72F9DD4C8000FF09F /* Release */ = {
			isa = XCBuildConfiguration;
			buildSettings = {
				BUNDLE_LOADER = "$(TEST_HOST)";
				CODE_SIGN_STYLE = Automatic;
				CURRENT_PROJECT_VERSION = 1;
				GENERATE_INFOPLIST_FILE = YES;
				IPHONEOS_DEPLOYMENT_TARGET = 26.4;
				MARKETING_VERSION = 1.0;
				PRODUCT_BUNDLE_IDENTIFIER = com.markcnw.SlipSenseTests;
				PRODUCT_NAME = "$(TARGET_NAME)";
				STRING_CATALOG_GENERATE_SYMBOLS = NO;
				SWIFT_APPROACHABLE_CONCURRENCY = YES;
				SWIFT_EMIT_LOC_STRINGS = NO;
				SWIFT_UPCOMING_FEATURE_MEMBER_IMPORT_VISIBILITY = YES;
				SWIFT_VERSION = 5.0;
				TARGETED_DEVICE_FAMILY = "1,2";
				TEST_HOST = "$(BUILT_PRODUCTS_DIR)/SlipSense.app/$(BUNDLE_EXECUTABLE_FOLDER_PATH)/SlipSense";
			};
			name = Release;
		};
		F2C25ABD306FC79D00EF1455 /* Debug */ = {
			isa = XCBuildConfiguration;
			buildSettings = {
				ASSETCATALOG_COMPILER_GLOBAL_ACCENT_COLOR_NAME = AccentColor;
				ASSETCATALOG_COMPILER_WIDGET_BACKGROUND_COLOR_NAME = WidgetBackground;
				CODE_SIGN_ENTITLEMENTS = SlipSenseWidgetExtension.entitlements;
				CODE_SIGN_STYLE = Automatic;
				CURRENT_PROJECT_VERSION = 15;
				DEVELOPMENT_TEAM = HJ24GQ285H;
				GENERATE_INFOPLIST_FILE = YES;
				INFOPLIST_FILE = SlipSenseWidget/Info.plist;
				INFOPLIST_KEY_CFBundleDisplayName = SlipSenseWidget;
				INFOPLIST_KEY_NSHumanReadableCopyright = "";
				IPHONEOS_DEPLOYMENT_TARGET = 17.0;
				LD_RUNPATH_SEARCH_PATHS = (
					"$(inherited)",
					"@executable_path/Frameworks",
					"@executable_path/../../Frameworks",
				);
				MARKETING_VERSION = 1.1.0;
				PRODUCT_BUNDLE_IDENTIFIER = com.markcnw.SlipSense.SlipSenseWidget;
				PRODUCT_NAME = "$(TARGET_NAME)";
				REGISTER_APP_GROUPS = YES;
				SKIP_INSTALL = YES;
				STRING_CATALOG_GENERATE_SYMBOLS = YES;
				SWIFT_APPROACHABLE_CONCURRENCY = YES;
				SWIFT_EMIT_LOC_STRINGS = YES;
				SWIFT_UPCOMING_FEATURE_MEMBER_IMPORT_VISIBILITY = YES;
				SWIFT_VERSION = 5.0;
				TARGETED_DEVICE_FAMILY = "1,2";
			};
			name = Debug;
		};
		F2C25ABE306FC79D00EF1455 /* Release */ = {
			isa = XCBuildConfiguration;
			buildSettings = {
				ASSETCATALOG_COMPILER_GLOBAL_ACCENT_COLOR_NAME = AccentColor;
				ASSETCATALOG_COMPILER_WIDGET_BACKGROUND_COLOR_NAME = WidgetBackground;
				CODE_SIGN_ENTITLEMENTS = SlipSenseWidgetExtension.entitlements;
				CODE_SIGN_STYLE = Automatic;
				CURRENT_PROJECT_VERSION = 15;
				DEVELOPMENT_TEAM = HJ24GQ285H;
				GENERATE_INFOPLIST_FILE = YES;
				INFOPLIST_FILE = SlipSenseWidget/Info.plist;
				INFOPLIST_KEY_CFBundleDisplayName = SlipSenseWidget;
				INFOPLIST_KEY_NSHumanReadableCopyright = "";
				IPHONEOS_DEPLOYMENT_TARGET = 17.0;
				LD_RUNPATH_SEARCH_PATHS = (
					"$(inherited)",
					"@executable_path/Frameworks",
					"@executable_path/../../Frameworks",
				);
				MARKETING_VERSION = 1.1.0;
				PRODUCT_BUNDLE_IDENTIFIER = com.markcnw.SlipSense.SlipSenseWidget;
				PRODUCT_NAME = "$(TARGET_NAME)";
				REGISTER_APP_GROUPS = YES;
				SKIP_INSTALL = YES;
				STRING_CATALOG_GENERATE_SYMBOLS = YES;
				SWIFT_APPROACHABLE_CONCURRENCY = YES;
				SWIFT_EMIT_LOC_STRINGS = YES;
				SWIFT_UPCOMING_FEATURE_MEMBER_IMPORT_VISIBILITY = YES;
				SWIFT_VERSION = 5.0;
				TARGETED_DEVICE_FAMILY = "1,2";
			};
			name = Release;
		};
/* End XCBuildConfiguration section */

/* Begin XCConfigurationList section */
		F28393572F798A1100ABA3D8 /* Build configuration list for PBXProject "SlipSense" */ = {
			isa = XCConfigurationList;
			buildConfigurations = (
				F28393652F798A1100ABA3D8 /* Debug */,
				F28393662F798A1100ABA3D8 /* Release */,
			);
			defaultConfigurationIsVisible = 0;
			defaultConfigurationName = Release;
		};
		F28393672F798A1100ABA3D8 /* Build configuration list for PBXNativeTarget "SlipSense" */ = {
			isa = XCConfigurationList;
			buildConfigurations = (
				F28393682F798A1100ABA3D8 /* Debug */,
				F28393692F798A1100ABA3D8 /* Release */,
			);
			defaultConfigurationIsVisible = 0;
			defaultConfigurationName = Release;
		};
		F2887FB82F9DD4C8000FF09F /* Build configuration list for PBXNativeTarget "SlipSenseTests" */ = {
			isa = XCConfigurationList;
			buildConfigurations = (
				F2887FB62F9DD4C8000FF09F /* Debug */,
				F2887FB72F9DD4C8000FF09F /* Release */,
			);
			defaultConfigurationIsVisible = 0;
			defaultConfigurationName = Release;
		};
		F2C25ABC306FC79D00EF1455 /* Build configuration list for PBXNativeTarget "SlipSenseWidgetExtension" */ = {
			isa = XCConfigurationList;
			buildConfigurations = (
				F2C25ABD306FC79D00EF1455 /* Debug */,
				F2C25ABE306FC79D00EF1455 /* Release */,
			);
			defaultConfigurationIsVisible = 0;
			defaultConfigurationName = Release;
		};
/* End XCConfigurationList section */
	};
	rootObject = F28393542F798A1100ABA3D8 /* Project object */;
}
